
Microsoft Visual Studio Solution File, Format Version 12.00
# Visual Studio Version 16
VisualStudioVersion = 16.0.30711.63
MinimumVisualStudioVersion = 10.0.40219.1
Project("{FAE04EC0-301F-11D3-BF4B-00C04F79EFBC}") = "TopLevel", "TopLevel.csproj", "{CF172392-F9DE-4FC2-B41E-AC9AAF7CA871}"
EndProject
Global
	GlobalSection(SolutionConfigurationPlatforms) = preSolution
		Debug|Any CPU = Debug|Any CPU
		Release|Any CPU = Release|Any CPU
	EndGlobalSection
	GlobalSection(ProjectConfigurationPlatforms) = postSolution
		{CF172392-F9DE-4FC2-B41E-AC9AAF7CA871}.Debug|Any CPU.ActiveCfg = Debug|Any CPU
		{CF172392-F9DE-4FC2-B41E-AC9AAF7CA871}.Debug|Any CPU.Build.0 = Debug|Any CPU
		{CF172392-F9DE-4FC2-B41E-AC9AAF7CA871}.Release|Any CPU.ActiveCfg = Release|Any CPU
		{CF172392-F9DE-4FC2-B41E-AC9AAF7CA871}.Release|Any CPU.Build.0 = Release|Any CPU
	EndGlobalSection
	GlobalSection(SolutionProperties) = preSolution
		HideSolutionNode = FALSE
	EndGlobalSection
	GlobalSection(ExtensibilityGlobals) = postSolution
		SolutionGuid = {CF839565-522B-45C9-A983-1CF3960D2A7E}
	EndGlobalSection
EndGlobal
